
Microsoft Visual Studio Solution File, Format Version 12.00
# Visual Studio Version 17
VisualStudioVersion = 17.11.35312.102
MinimumVisualStudioVersion = 10.0.40219.1
Project("{9A19103F-16F7-4668-BE54-9A1E7A4F7556}") = "FHealthSphere", "FHealthSphere\FHealthSphere.csproj", "{E2EE1FAD-92D8-4F09-9A15-F6A3DE5A7A04}"
EndProject
Project("{2150E333-8FDC-42A3-9474-1A3956D46DE8}") = "2.SERVICES", "2.SERVICES", "{C358BCBC-6869-49C2-9D53-9A22A0A24713}"
EndProject
Project("{2150E333-8FDC-42A3-9474-1A3956D46DE8}") = "3.REPOSITORY", "3.REPOSITORY", "{DF7735C4-7483-418A-BFE4-649192581379}"
EndProject
Project("{2150E333-8FDC-42A3-9474-1A3956D46DE8}") = "4.CORE", "4.CORE", "{F9F1F83A-B748-497F-A0F5-EF92B785C3AF}"
EndProject
Project("{FAE04EC0-301F-11D3-BF4B-00C04F79EFBC}") = "Services", "Services\Services.csproj", "{4298FCC3-C04F-4FC7-A2C1-EFC664EDC41D}"
EndProject
Project("{2150E333-8FDC-42A3-9474-1A3956D46DE8}") = "1.WEB", "1.WEB", "{12DB469B-3482-40E5-8302-7D58D95028CE}"
EndProject
Project("{FAE04EC0-301F-11D3-BF4B-00C04F79EFBC}") = "Contract.Repositories", "Contract.Repositories\Contract.Repositories.csproj", "{FDB6FE83-08ED-4365-9322-D6EBBB23BA03}"
EndProject
Project("{FAE04EC0-301F-11D3-BF4B-00C04F79EFBC}") = "ModelViews", "ModelViews\ModelViews.csproj", "{3C7B64F8-0778-415E-901B-630BE6419215}"
EndProject
Project("{FAE04EC0-301F-11D3-BF4B-00C04F79EFBC}") = "Repositories", "Repositories\Repositories.csproj", "{8D83F360-DA90-4EE8-8E2B-AD157E585ED7}"
EndProject
Project("{FAE04EC0-301F-11D3-BF4B-00C04F79EFBC}") = "Core", "Core\Core.csproj", "{D615FA6F-482D-4A49-963E-3DEB4EF3256B}"
EndProject
Global
	GlobalSection(SolutionConfigurationPlatforms) = preSolution
		Debug|Any CPU = Debug|Any CPU
		Release|Any CPU = Release|Any CPU
	EndGlobalSection
	GlobalSection(ProjectConfigurationPlatforms) = postSolution
		{E2EE1FAD-92D8-4F09-9A15-F6A3DE5A7A04}.Debug|Any CPU.ActiveCfg = Debug|Any CPU
		{E2EE1FAD-92D8-4F09-9A15-F6A3DE5A7A04}.Debug|Any CPU.Build.0 = Debug|Any CPU
		{E2EE1FAD-92D8-4F09-9A15-F6A3DE5A7A04}.Release|Any CPU.ActiveCfg = Release|Any CPU
		{E2EE1FAD-92D8-4F09-9A15-F6A3DE5A7A04}.Release|Any CPU.Build.0 = Release|Any CPU
		{4298FCC3-C04F-4FC7-A2C1-EFC664EDC41D}.Debug|Any CPU.ActiveCfg = Debug|Any CPU
		{4298FCC3-C04F-4FC7-A2C1-EFC664EDC41D}.Debug|Any CPU.Build.0 = Debug|Any CPU
		{4298FCC3-C04F-4FC7-A2C1-EFC664EDC41D}.Release|Any CPU.ActiveCfg = Release|Any CPU
		{4298FCC3-C04F-4FC7-A2C1-EFC664EDC41D}.Release|Any CPU.Build.0 = Release|Any CPU
		{FDB6FE83-08ED-4365-9322-D6EBBB23BA03}.Debug|Any CPU.ActiveCfg = Debug|Any CPU
		{FDB6FE83-08ED-4365-9322-D6EBBB23BA03}.Debug|Any CPU.Build.0 = Debug|Any CPU
		{FDB6FE83-08ED-4365-9322-D6EBBB23BA03}.Release|Any CPU.ActiveCfg = Release|Any CPU
		{FDB6FE83-08ED-4365-9322-D6EBBB23BA03}.Release|Any CPU.Build.0 = Release|Any CPU
		{3C7B64F8-0778-415E-901B-630BE6419215}.Debug|Any CPU.ActiveCfg = Debug|Any CPU
		{3C7B64F8-0778-415E-901B-630BE6419215}.Debug|Any CPU.Build.0 = Debug|Any CPU
		{3C7B64F8-0778-415E-901B-630BE6419215}.Release|Any CPU.ActiveCfg = Release|Any CPU
		{3C7B64F8-0778-415E-901B-630BE6419215}.Release|Any CPU.Build.0 = Release|Any CPU
		{8D83F360-DA90-4EE8-8E2B-AD157E585ED7}.Debug|Any CPU.ActiveCfg = Debug|Any CPU
		{8D83F360-DA90-4EE8-8E2B-AD157E585ED7}.Debug|Any CPU.Build.0 = Debug|Any CPU
		{8D83F360-DA90-4EE8-8E2B-AD157E585ED7}.Release|Any CPU.ActiveCfg = Release|Any CPU
		{8D83F360-DA90-4EE8-8E2B-AD157E585ED7}.Release|Any CPU.Build.0 = Release|Any CPU
		{D615FA6F-482D-4A49-963E-3DEB4EF3256B}.Debug|Any CPU.ActiveCfg = Debug|Any CPU
		{D615FA6F-482D-4A49-963E-3DEB4EF3256B}.Debug|Any CPU.Build.0 = Debug|Any CPU
		{D615FA6F-482D-4A49-963E-3DEB4EF3256B}.Release|Any CPU.ActiveCfg = Release|Any CPU
		{D615FA6F-482D-4A49-963E-3DEB4EF3256B}.Release|Any CPU.Build.0 = Release|Any CPU
	EndGlobalSection
	GlobalSection(SolutionProperties) = preSolution
		HideSolutionNode = FALSE
	EndGlobalSection
	GlobalSection(NestedProjects) = preSolution
		{E2EE1FAD-92D8-4F09-9A15-F6A3DE5A7A04} = {12DB469B-3482-40E5-8302-7D58D95028CE}
		{4298FCC3-C04F-4FC7-A2C1-EFC664EDC41D} = {C358BCBC-6869-49C2-9D53-9A22A0A24713}
		{FDB6FE83-08ED-4365-9322-D6EBBB23BA03} = {DF7735C4-7483-418A-BFE4-649192581379}
		{3C7B64F8-0778-415E-901B-630BE6419215} = {DF7735C4-7483-418A-BFE4-649192581379}
		{8D83F360-DA90-4EE8-8E2B-AD157E585ED7} = {DF7735C4-7483-418A-BFE4-649192581379}
		{D615FA6F-482D-4A49-963E-3DEB4EF3256B} = {F9F1F83A-B748-497F-A0F5-EF92B785C3AF}
	EndGlobalSection
	GlobalSection(ExtensibilityGlobals) = postSolution
		SolutionGuid = {AC7D978C-4B49-47F0-9AA9-809FEAC5B7A0}
	EndGlobalSection
EndGlobal
